// !$*UTF8*$!
{
	archiveVersion = 1;
	classes = {
	};
	objectVersion = 50;
	objects = {

/* Begin PBXBuildFile section */
		184BAA882409123200548DFB /* AppDelegate.swift in Sources */ = {isa = PBXBuildFile; fileRef = 184BAA872409123200548DFB /* AppDelegate.swift */; };
		184BAA8F2409123200548DFB /* Main.storyboard in Resources */ = {isa = PBXBuildFile; fileRef = 184BAA8D2409123200548DFB /* Main.storyboard */; };
		184BAA912409123400548DFB /* Assets.xcassets in Resources */ = {isa = PBXBuildFile; fileRef = 184BAA902409123400548DFB /* Assets.xcassets */; };
		184BAA942409123400548DFB /* LaunchScreen.storyboard in Resources */ = {isa = PBXBuildFile; fileRef = 184BAA922409123400548DFB /* LaunchScreen.storyboard */; };
		184BAA9F2409123400548DFB /* DYZBTests.swift in Sources */ = {isa = PBXBuildFile; fileRef = 184BAA9E2409123400548DFB /* DYZBTests.swift */; };
		184BAAAA2409123400548DFB /* DYZBUITests.swift in Sources */ = {isa = PBXBuildFile; fileRef = 184BAAA92409123400548DFB /* DYZBUITests.swift */; };
		186590772410943A00C09C07 /* PageContentView.swift in Sources */ = {isa = PBXBuildFile; fileRef = 186590762410943A00C09C07 /* PageContentView.swift */; };
		186590792410A45600C09C07 /* UIColor-Extension.swift in Sources */ = {isa = PBXBuildFile; fileRef = 186590782410A45600C09C07 /* UIColor-Extension.swift */; };
		18B5540F240F52D6009EEF79 /* Common.swift in Sources */ = {isa = PBXBuildFile; fileRef = 18B5540E240F52D6009EEF79 /* Common.swift */; };
		2F9641BD240EAE52004D2BD8 /* HomeViewController.swift in Sources */ = {isa = PBXBuildFile; fileRef = 2F9641AC240EAE52004D2BD8 /* HomeViewController.swift */; };
		2F9641BE240EAE52004D2BD8 /* FollowViewController.swift in Sources */ = {isa = PBXBuildFile; fileRef = 2F9641AF240EAE52004D2BD8 /* FollowViewController.swift */; };
		2F9641BF240EAE52004D2BD8 /* ProFileViewController.swift in Sources */ = {isa = PBXBuildFile; fileRef = 2F9641B2240EAE52004D2BD8 /* ProFileViewController.swift */; };
		2F9641C0240EAE52004D2BD8 /* LiveViewController.swift in Sources */ = {isa = PBXBuildFile; fileRef = 2F9641B5240EAE52004D2BD8 /* LiveViewController.swift */; };
		2F9641C1240EAE52004D2BD8 /* UIBarButtonItem_Extension.swift in Sources */ = {isa = PBXBuildFile; fileRef = 2F9641B8240EAE52004D2BD8 /* UIBarButtonItem_Extension.swift */; };
		2F9641C2240EAE52004D2BD8 /* MainTabBarController.swift in Sources */ = {isa = PBXBuildFile; fileRef = 2F9641BC240EAE52004D2BD8 /* MainTabBarController.swift */; };
		2F9641CC240EAF3B004D2BD8 /* PageTitleView.swift in Sources */ = {isa = PBXBuildFile; fileRef = 2F9641CB240EAF3B004D2BD8 /* PageTitleView.swift */; };
/* End PBXBuildFile section */

/* Begin PBXContainerItemProxy section */
		184BAA9B2409123400548DFB /* PBXContainerItemProxy */ = {
			isa = PBXContainerItemProxy;
			containerPortal = 184BAA7C2409123200548DFB /* Project object */;
			proxyType = 1;
			remoteGlobalIDString = 184BAA832409123200548DFB;
			remoteInfo = DYZB;
		};
		184BAAA62409123400548DFB /* PBXContainerItemProxy */ = {
			isa = PBXContainerItemProxy;
			containerPortal = 184BAA7C2409123200548DFB /* Project object */;
			proxyType = 1;
			remoteGlobalIDString = 184BAA832409123200548DFB;
			remoteInfo = DYZB;
		};
/* End PBXContainerItemProxy section */

/* Begin PBXFileReference section */
		184BAA842409123200548DFB /* DYZB.app */ = {isa = PBXFileReference; explicitFileType = wrapper.application; includeInIndex = 0; path = DYZB.app; sourceTree = BUILT_PRODUCTS_DIR; };
		184BAA872409123200548DFB /* AppDelegate.swift */ = {isa = PBXFileReference; lastKnownFileType = sourcecode.swift; path = AppDelegate.swift; sourceTree = "<group>"; };
		184BAA8E2409123200548DFB /* Base */ = {isa = PBXFileReference; lastKnownFileType = file.storyboard; name = Base; path = Base.lproj/Main.storyboard; sourceTree = "<group>"; };
		184BAA902409123400548DFB /* Assets.xcassets */ = {isa = PBXFileReference; lastKnownFileType = folder.assetcatalog; path = Assets.xcassets; sourceTree = "<group>"; };
		184BAA932409123400548DFB /* Base */ = {isa = PBXFileReference; lastKnownFileType = file.storyboard; name = Base; path = Base.lproj/LaunchScreen.storyboard; sourceTree = "<group>"; };
		184BAA952409123400548DFB /* Info.plist */ = {isa = PBXFileReference; lastKnownFileType = text.plist.xml; path = Info.plist; sourceTree = "<group>"; };
		184BAA9A2409123400548DFB /* DYZBTests.xctest */ = {isa = PBXFileReference; explicitFileType = wrapper.cfbundle; includeInIndex = 0; path = DYZBTests.xctest; sourceTree = BUILT_PRODUCTS_DIR; };
		184BAA9E2409123400548DFB /* DYZBTests.swift */ = {isa = PBXFileReference; lastKnownFileType = sourcecode.swift; path = DYZBTests.swift; sourceTree = "<group>"; };
		184BAAA02409123400548DFB /* Info.plist */ = {isa = PBXFileReference; lastKnownFileType = text.plist.xml; path = Info.plist; sourceTree = "<group>"; };
		184BAAA52409123400548DFB /* DYZBUITests.xctest */ = {isa = PBXFileReference; explicitFileType = wrapper.cfbundle; includeInIndex = 0; path = DYZBUITests.xctest; sourceTree = BUILT_PRODUCTS_DIR; };
		184BAAA92409123400548DFB /* DYZBUITests.swift */ = {isa = PBXFileReference; lastKnownFileType = sourcecode.swift; path = DYZBUITests.swift; sourceTree = "<group>"; };
		184BAAAB2409123400548DFB /* Info.plist */ = {isa = PBXFileReference; lastKnownFileType = text.plist.xml; path = Info.plist; sourceTree = "<group>"; };
		186590762410943A00C09C07 /* PageContentView.swift */ = {isa = PBXFileReference; lastKnownFileType = sourcecode.swift; path = PageContentView.swift; sourceTree = "<group>"; };
		186590782410A45600C09C07 /* UIColor-Extension.swift */ = {isa = PBXFileReference; lastKnownFileType = sourcecode.swift; path = "UIColor-Extension.swift"; sourceTree = "<group>"; };
		18B5540E240F52D6009EEF79 /* Common.swift */ = {isa = PBXFileReference; lastKnownFileType = sourcecode.swift; path = Common.swift; sourceTree = "<group>"; };
		2F9641AC240EAE52004D2BD8 /* HomeViewController.swift */ = {isa = PBXFileReference; fileEncoding = 4; lastKnownFileType = sourcecode.swift; path = HomeViewController.swift; sourceTree = "<group>"; };
		2F9641AF240EAE52004D2BD8 /* FollowViewController.swift */ = {isa = PBXFileReference; fileEncoding = 4; lastKnownFileType = sourcecode.swift; path = FollowViewController.swift; sourceTree = "<group>"; };
		2F9641B2240EAE52004D2BD8 /* ProFileViewController.swift */ = {isa = PBXFileReference; fileEncoding = 4; lastKnownFileType = sourcecode.swift; path = ProFileViewController.swift; sourceTree = "<group>"; };
		2F9641B5240EAE52004D2BD8 /* LiveViewController.swift */ = {isa = PBXFileReference; fileEncoding = 4; lastKnownFileType = sourcecode.swift; path = LiveViewController.swift; sourceTree = "<group>"; };
		2F9641B8240EAE52004D2BD8 /* UIBarButtonItem_Extension.swift */ = {isa = PBXFileReference; fileEncoding = 4; lastKnownFileType = sourcecode.swift; path = UIBarButtonItem_Extension.swift; sourceTree = "<group>"; };
		2F9641BC240EAE52004D2BD8 /* MainTabBarController.swift */ = {isa = PBXFileReference; fileEncoding = 4; lastKnownFileType = sourcecode.swift; path = MainTabBarController.swift; sourceTree = "<group>"; };
		2F9641CB240EAF3B004D2BD8 /* PageTitleView.swift */ = {isa = PBXFileReference; lastKnownFileType = sourcecode.swift; path = PageTitleView.swift; sourceTree = "<group>"; };
/* End PBXFileReference section */

/* Begin PBXFrameworksBuildPhase section */
		184BAA812409123200548DFB /* Frameworks */ = {
			isa = PBXFrameworksBuildPhase;
			buildActionMask = 2147483647;
			files = (
			);
			runOnlyForDeploymentPostprocessing = 0;
		};
		184BAA972409123400548DFB /* Frameworks */ = {
			isa = PBXFrameworksBuildPhase;
			buildActionMask = 2147483647;
			files = (
			);
			runOnlyForDeploymentPostprocessing = 0;
		};
		184BAAA22409123400548DFB /* Frameworks */ = {
			isa = PBXFrameworksBuildPhase;
			buildActionMask = 2147483647;
			files = (
			);
			runOnlyForDeploymentPostprocessing = 0;
		};
/* End PBXFrameworksBuildPhase section */

/* Begin PBXGroup section */
		184BAA7B2409123200548DFB = {
			isa = PBXGroup;
			children = (
				184BAA862409123200548DFB /* DYZB */,
				184BAA9D2409123400548DFB /* DYZBTests */,
				184BAAA82409123400548DFB /* DYZBUITests */,
				184BAA852409123200548DFB /* Products */,
			);
			sourceTree = "<group>";
		};
		184BAA852409123200548DFB /* Products */ = {
			isa = PBXGroup;
			children = (
				184BAA842409123200548DFB /* DYZB.app */,
				184BAA9A2409123400548DFB /* DYZBTests.xctest */,
				184BAAA52409123400548DFB /* DYZBUITests.xctest */,
			);
			name = Products;
			sourceTree = "<group>";
		};
		184BAA862409123200548DFB /* DYZB */ = {
			isa = PBXGroup;
			children = (
				2F9641A9240EAE52004D2BD8 /* Class */,
				184BAA872409123200548DFB /* AppDelegate.swift */,
				184BAA8D2409123200548DFB /* Main.storyboard */,
				184BAA902409123400548DFB /* Assets.xcassets */,
				184BAA922409123400548DFB /* LaunchScreen.storyboard */,
				184BAA952409123400548DFB /* Info.plist */,
			);
			path = DYZB;
			sourceTree = "<group>";
		};
		184BAA9D2409123400548DFB /* DYZBTests */ = {
			isa = PBXGroup;
			children = (
				184BAA9E2409123400548DFB /* DYZBTests.swift */,
				184BAAA02409123400548DFB /* Info.plist */,
			);
			path = DYZBTests;
			sourceTree = "<group>";
		};
		184BAAA82409123400548DFB /* DYZBUITests */ = {
			isa = PBXGroup;
			children = (
				184BAAA92409123400548DFB /* DYZBUITests.swift */,
				184BAAAB2409123400548DFB /* Info.plist */,
			);
			path = DYZBUITests;
			sourceTree = "<group>";
		};
		2F9641A9240EAE52004D2BD8 /* Class */ = {
			isa = PBXGroup;
			children = (
				2F9641AA240EAE52004D2BD8 /* Home */,
				2F9641AD240EAE52004D2BD8 /* Follow */,
				2F9641B0240EAE52004D2BD8 /* Profile */,
				2F9641B3240EAE52004D2BD8 /* Live */,
				2F9641B6240EAE52004D2BD8 /* Tool */,
				2F9641BA240EAE52004D2BD8 /* TabBarController */,
			);
			path = Class;
			sourceTree = "<group>";
		};
		2F9641AA240EAE52004D2BD8 /* Home */ = {
			isa = PBXGroup;
			children = (
				2F9641C6240EAEF0004D2BD8 /* M */,
				2F9641C5240EAEF0004D2BD8 /* V */,
				2F9641AB240EAE52004D2BD8 /* C */,
			);
			path = Home;
			sourceTree = "<group>";
		};
		2F9641AB240EAE52004D2BD8 /* C */ = {
			isa = PBXGroup;
			children = (
				2F9641AC240EAE52004D2BD8 /* HomeViewController.swift */,
			);
			path = C;
			sourceTree = "<group>";
		};
		2F9641AD240EAE52004D2BD8 /* Follow */ = {
			isa = PBXGroup;
			children = (
				2F9641C7240EAEFA004D2BD8 /* M */,
				2F9641C8240EAEFB004D2BD8 /* V */,
				2F9641AE240EAE52004D2BD8 /* C */,
			);
			path = Follow;
			sourceTree = "<group>";
		};
		2F9641AE240EAE52004D2BD8 /* C */ = {
			isa = PBXGroup;
			children = (
				2F9641AF240EAE52004D2BD8 /* FollowViewController.swift */,
			);
			path = C;
			sourceTree = "<group>";
		};
		2F9641B0240EAE52004D2BD8 /* Profile */ = {
			isa = PBXGroup;
			children = (
				2F9641CA240EAF06004D2BD8 /* M */,
				2F9641C9240EAF06004D2BD8 /* V */,
				2F9641B1240EAE52004D2BD8 /* C */,
			);
			path = Profile;
			sourceTree = "<group>";
		};
		2F9641B1240EAE52004D2BD8 /* C */ = {
			isa = PBXGroup;
			children = (
				2F9641B2240EAE52004D2BD8 /* ProFileViewController.swift */,
			);
			path = C;
			sourceTree = "<group>";
		};
		2F9641B3240EAE52004D2BD8 /* Live */ = {
			isa = PBXGroup;
			children = (
				2F9641C3240EAEDC004D2BD8 /* M */,
				2F9641C4240EAEDC004D2BD8 /* V */,
				2F9641B4240EAE52004D2BD8 /* C */,
			);
			path = Live;
			sourceTree = "<group>";
		};
		2F9641B4240EAE52004D2BD8 /* C */ = {
			isa = PBXGroup;
			children = (
				2F9641B5240EAE52004D2BD8 /* LiveViewController.swift */,
			);
			path = C;
			sourceTree = "<group>";
		};
		2F9641B6240EAE52004D2BD8 /* Tool */ = {
			isa = PBXGroup;
			children = (
				2F9641B7240EAE52004D2BD8 /* Extentsion */,
				2F9641B9240EAE52004D2BD8 /* PageView */,
				18B5540E240F52D6009EEF79 /* Common.swift */,
			);
			path = Tool;
			sourceTree = "<group>";
		};
		2F9641B7240EAE52004D2BD8 /* Extentsion */ = {
			isa = PBXGroup;
			children = (
				2F9641B8240EAE52004D2BD8 /* UIBarButtonItem_Extension.swift */,
				186590782410A45600C09C07 /* UIColor-Extension.swift */,
			);
			path = Extentsion;
			sourceTree = "<group>";
		};
		2F9641B9240EAE52004D2BD8 /* PageView */ = {
			isa = PBXGroup;
			children = (
				2F9641CB240EAF3B004D2BD8 /* PageTitleView.swift */,
				186590762410943A00C09C07 /* PageContentView.swift */,
			);
			path = PageView;
			sourceTree = "<group>";
		};
		2F9641BA240EAE52004D2BD8 /* TabBarController */ = {
			isa = PBXGroup;
			children = (
				2F9641BB240EAE52004D2BD8 /* C */,
			);
			path = TabBarController;
			sourceTree = "<group>";
		};
		2F9641BB240EAE52004D2BD8 /* C */ = {
			isa = PBXGroup;
			children = (
				2F9641BC240EAE52004D2BD8 /* MainTabBarController.swift */,
			);
			path = C;
			sourceTree = "<group>";
		};
		2F9641C3240EAEDC004D2BD8 /* M */ = {
			isa = PBXGroup;
			children = (
			);
			path = M;
			sourceTree = "<group>";
		};
		2F9641C4240EAEDC004D2BD8 /* V */ = {
			isa = PBXGroup;
			children = (
			);
			path = V;
			sourceTree = "<group>";
		};
		2F9641C5240EAEF0004D2BD8 /* V */ = {
			isa = PBXGroup;
			children = (
			);
			path = V;
			sourceTree = "<group>";
		};
		2F9641C6240EAEF0004D2BD8 /* M */ = {
			isa = PBXGroup;
			children = (
			);
			path = M;
			sourceTree = "<group>";
		};
		2F9641C7240EAEFA004D2BD8 /* M */ = {
			isa = PBXGroup;
			children = (
			);
			path = M;
			sourceTree = "<group>";
		};
		2F9641C8240EAEFB004D2BD8 /* V */ = {
			isa = PBXGroup;
			children = (
			);
			path = V;
			sourceTree = "<group>";
		};
		2F9641C9240EAF06004D2BD8 /* V */ = {
			isa = PBXGroup;
			children = (
			);
			path = V;
			sourceTree = "<group>";
		};
		2F9641CA240EAF06004D2BD8 /* M */ = {
			isa = PBXGroup;
			children = (
			);
			path = M;
			sourceTree = "<group>";
		};
/* End PBXGroup section */

/* Begin PBXNativeTarget section */
		184BAA832409123200548DFB /* DYZB */ = {
			isa = PBXNativeTarget;
			buildConfigurationList = 184BAAAE2409123400548DFB /* Build configuration list for PBXNativeTarget "DYZB" */;
			buildPhases = (
				184BAA802409123200548DFB /* Sources */,
				184BAA812409123200548DFB /* Frameworks */,
				184BAA822409123200548DFB /* Resources */,
			);
			buildRules = (
			);
			dependencies = (
			);
			name = DYZB;
			productName = DYZB;
			productReference = 184BAA842409123200548DFB /* DYZB.app */;
			productType = "com.apple.product-type.application";
		};
		184BAA992409123400548DFB /* DYZBTests */ = {
			isa = PBXNativeTarget;
			buildConfigurationList = 184BAAB12409123400548DFB /* Build configuration list for PBXNativeTarget "DYZBTests" */;
			buildPhases = (
				184BAA962409123400548DFB /* Sources */,
				184BAA972409123400548DFB /* Frameworks */,
				184BAA982409123400548DFB /* Resources */,
			);
			buildRules = (
			);
			dependencies = (
				184BAA9C2409123400548DFB /* PBXTargetDependency */,
			);
			name = DYZBTests;
			productName = DYZBTests;
			productReference = 184BAA9A2409123400548DFB /* DYZBTests.xctest */;
			productType = "com.apple.product-type.bundle.unit-test";
		};
		184BAAA42409123400548DFB /* DYZBUITests */ = {
			isa = PBXNativeTarget;
			buildConfigurationList = 184BAAB42409123400548DFB /* Build configuration list for PBXNativeTarget "DYZBUITests" */;
			buildPhases = (
				184BAAA12409123400548DFB /* Sources */,
				184BAAA22409123400548DFB /* Frameworks */,
				184BAAA32409123400548DFB /* Resources */,
			);
			buildRules = (
			);
			dependencies = (
				184BAAA72409123400548DFB /* PBXTargetDependency */,
			);
			name = DYZBUITests;
			productName = DYZBUITests;
			productReference = 184BAAA52409123400548DFB /* DYZBUITests.xctest */;
			productType = "com.apple.product-type.bundle.ui-testing";
		};
/* End PBXNativeTarget section */

/* Begin PBXProject section */
		184BAA7C2409123200548DFB /* Project object */ = {
			isa = PBXProject;
			attributes = {
				LastSwiftUpdateCheck = 1130;
				LastUpgradeCheck = 1130;
				ORGANIZATIONNAME = dulifu;
				TargetAttributes = {
					184BAA832409123200548DFB = {
						CreatedOnToolsVersion = 11.3.1;
					};
					184BAA992409123400548DFB = {
						CreatedOnToolsVersion = 11.3.1;
						TestTargetID = 184BAA832409123200548DFB;
					};
					184BAAA42409123400548DFB = {
						CreatedOnToolsVersion = 11.3.1;
						TestTargetID = 184BAA832409123200548DFB;
					};
				};
			};
			buildConfigurationList = 184BAA7F2409123200548DFB /* Build configuration list for PBXProject "DYZB" */;
			compatibilityVersion = "Xcode 9.3";
			developmentRegion = en;
			hasScannedForEncodings = 0;
			knownRegions = (
				en,
				Base,
			);
			mainGroup = 184BAA7B2409123200548DFB;
			productRefGroup = 184BAA852409123200548DFB /* Products */;
			projectDirPath = "";
			projectRoot = "";
			targets = (
				184BAA832409123200548DFB /* DYZB */,
				184BAA992409123400548DFB /* DYZBTests */,
				184BAAA42409123400548DFB /* DYZBUITests */,
			);
		};
/* End PBXProject section */

/* Begin PBXResourcesBuildPhase section */
		184BAA822409123200548DFB /* Resources */ = {
			isa = PBXResourcesBuildPhase;
			buildActionMask = 2147483647;
			files = (
				184BAA942409123400548DFB /* LaunchScreen.storyboard in Resources */,
				184BAA912409123400548DFB /* Assets.xcassets in Resources */,
				184BAA8F2409123200548DFB /* Main.storyboard in Resources */,
			);
			runOnlyForDeploymentPostprocessing = 0;
		};
		184BAA982409123400548DFB /* Resources */ = {
			isa = PBXResourcesBuildPhase;
			buildActionMask = 2147483647;
			files = (
			);
			runOnlyForDeploymentPostprocessing = 0;
		};
		184BAAA32409123400548DFB /* Resources */ = {
			isa = PBXResourcesBuildPhase;
			buildActionMask = 2147483647;
			files = (
			);
			runOnlyForDeploymentPostprocessing = 0;
		};
/* End PBXResourcesBuildPhase section */

/* Begin PBXSourcesBuildPhase section */
		184BAA802409123200548DFB /* Sources */ = {
			isa = PBXSourcesBuildPhase;
			buildActionMask = 2147483647;
			files = (
				184BAA882409123200548DFB /* AppDelegate.swift in Sources */,
				2F9641BF240EAE52004D2BD8 /* ProFileViewController.swift in Sources */,
				2F9641BD240EAE52004D2BD8 /* HomeViewController.swift in Sources */,
				186590772410943A00C09C07 /* PageContentView.swift in Sources */,
				2F9641BE240EAE52004D2BD8 /* FollowViewController.swift in Sources */,
				2F9641C2240EAE52004D2BD8 /* MainTabBarController.swift in Sources */,
				2F9641CC240EAF3B004D2BD8 /* PageTitleView.swift in Sources */,
				2F9641C0240EAE52004D2BD8 /* LiveViewController.swift in Sources */,
				18B5540F240F52D6009EEF79 /* Common.swift in Sources */,
				2F9641C1240EAE52004D2BD8 /* UIBarButtonItem_Extension.swift in Sources */,
				186590792410A45600C09C07 /* UIColor-Extension.swift in Sources */,
			);
			runOnlyForDeploymentPostprocessing = 0;
		};
		184BAA962409123400548DFB /* Sources */ = {
			isa = PBXSourcesBuildPhase;
			buildActionMask = 2147483647;
			files = (
				184BAA9F2409123400548DFB /* DYZBTests.swift in Sources */,
			);
			runOnlyForDeploymentPostprocessing = 0;
		};
		184BAAA12409123400548DFB /* Sources */ = {
			isa = PBXSourcesBuildPhase;
			buildActionMask = 2147483647;
			files = (
				184BAAAA2409123400548DFB /* DYZBUITests.swift in Sources */,
			);
			runOnlyForDeploymentPostprocessing = 0;
		};
/* End PBXSourcesBuildPhase section */

/* Begin PBXTargetDependency section */
		184BAA9C2409123400548DFB /* PBXTargetDependency */ = {
			isa = PBXTargetDependency;
			target = 184BAA832409123200548DFB /* DYZB */;
			targetProxy = 184BAA9B2409123400548DFB /* PBXContainerItemProxy */;
		};
		184BAAA72409123400548DFB /* PBXTargetDependency */ = {
			isa = PBXTargetDependency;
			target = 184BAA832409123200548DFB /* DYZB */;
			targetProxy = 184BAAA62409123400548DFB /* PBXContainerItemProxy */;
		};
/* End PBXTargetDependency section */

/* Begin PBXVariantGroup section */
		184BAA8D2409123200548DFB /* Main.storyboard */ = {
			isa = PBXVariantGroup;
			children = (
				184BAA8E2409123200548DFB /* Base */,
			);
			name = Main.storyboard;
			sourceTree = "<group>";
		};
		184BAA922409123400548DFB /* LaunchScreen.storyboard */ = {
			isa = PBXVariantGroup;
			children = (
				184BAA932409123400548DFB /* Base */,
			);
			name = LaunchScreen.storyboard;
			sourceTree = "<group>";
		};
/* End PBXVariantGroup section */

/* Begin XCBuildConfiguration section */
		184BAAAC2409123400548DFB /* Debug */ = {
			isa = XCBuildConfiguration;
			buildSettings = {
				ALWAYS_SEARCH_USER_PATHS = NO;
				CLANG_ANALYZER_NONNULL = YES;
				CLANG_ANALYZER_NUMBER_OBJECT_CONVERSION = YES_AGGRESSIVE;
				CLANG_CXX_LANGUAGE_STANDARD = "gnu++14";
				CLANG_CXX_LIBRARY = "libc++";
				CLANG_ENABLE_MODULES = YES;
				CLANG_ENABLE_OBJC_ARC = YES;
				CLANG_ENABLE_OBJC_WEAK = YES;
				CLANG_WARN_BLOCK_CAPTURE_AUTORELEASING = YES;
				CLANG_WARN_BOOL_CONVERSION = YES;
				CLANG_WARN_COMMA = YES;
				CLANG_WARN_CONSTANT_CONVERSION = YES;
				CLANG_WARN_DEPRECATED_OBJC_IMPLEMENTATIONS = YES;
				CLANG_WARN_DIRECT_OBJC_ISA_USAGE = YES_ERROR;
				CLANG_WARN_DOCUMENTATION_COMMENTS = YES;
				CLANG_WARN_EMPTY_BODY = YES;
				CLANG_WARN_ENUM_CONVERSION = YES;
				CLANG_WARN_INFINITE_RECURSION = YES;
				CLANG_WARN_INT_CONVERSION = YES;
				CLANG_WARN_NON_LITERAL_NULL_CONVERSION = YES;
				CLANG_WARN_OBJC_IMPLICIT_RETAIN_SELF = YES;
				CLANG_WARN_OBJC_LITERAL_CONVERSION = YES;
				CLANG_WARN_OBJC_ROOT_CLASS = YES_ERROR;
				CLANG_WARN_RANGE_LOOP_ANALYSIS = YES;
				CLANG_WARN_STRICT_PROTOTYPES = YES;
				CLANG_WARN_SUSPICIOUS_MOVE = YES;
				CLANG_WARN_UNGUARDED_AVAILABILITY = YES_AGGRESSIVE;
				CLANG_WARN_UNREACHABLE_CODE = YES;
				CLANG_WARN__DUPLICATE_METHOD_MATCH = YES;
				COPY_PHASE_STRIP = NO;
				DEBUG_INFORMATION_FORMAT = dwarf;
				ENABLE_STRICT_OBJC_MSGSEND = YES;
				ENABLE_TESTABILITY = YES;
				GCC_C_LANGUAGE_STANDARD = gnu11;
				GCC_DYNAMIC_NO_PIC = NO;
				GCC_NO_COMMON_BLOCKS = YES;
				GCC_OPTIMIZATION_LEVEL = 0;
				GCC_PREPROCESSOR_DEFINITIONS = (
					"DEBUG=1",
					"$(inherited)",
				);
				GCC_WARN_64_TO_32_BIT_CONVERSION = YES;
				GCC_WARN_ABOUT_RETURN_TYPE = YES_ERROR;
				GCC_WARN_UNDECLARED_SELECTOR = YES;
				GCC_WARN_UNINITIALIZED_AUTOS = YES_AGGRESSIVE;
				GCC_WARN_UNUSED_FUNCTION = YES;
				GCC_WARN_UNUSED_VARIABLE = YES;
				IPHONEOS_DEPLOYMENT_TARGET = 13.2;
				MTL_ENABLE_DEBUG_INFO = INCLUDE_SOURCE;
				MTL_FAST_MATH = YES;
				ONLY_ACTIVE_ARCH = YES;
				SDKROOT = iphoneos;
				SWIFT_ACTIVE_COMPILATION_CONDITIONS = DEBUG;
				SWIFT_OPTIMIZATION_LEVEL = "-Onone";
			};
			name = Debug;
		};
		184BAAAD2409123400548DFB /* Release */ = {
			isa = XCBuildConfiguration;
			buildSettings = {
				ALWAYS_SEARCH_USER_PATHS = NO;
				CLANG_ANALYZER_NONNULL = YES;
				CLANG_ANALYZER_NUMBER_OBJECT_CONVERSION = YES_AGGRESSIVE;
				CLANG_CXX_LANGUAGE_STANDARD = "gnu++14";
				CLANG_CXX_LIBRARY = "libc++";
				CLANG_ENABLE_MODULES = YES;
				CLANG_ENABLE_OBJC_ARC = YES;
				CLANG_ENABLE_OBJC_WEAK = YES;
				CLANG_WARN_BLOCK_CAPTURE_AUTORELEASING = YES;
				CLANG_WARN_BOOL_CONVERSION = YES;
				CLANG_WARN_COMMA = YES;
				CLANG_WARN_CONSTANT_CONVERSION = YES;
				CLANG_WARN_DEPRECATED_OBJC_IMPLEMENTATIONS = YES;
				CLANG_WARN_DIRECT_OBJC_ISA_USAGE = YES_ERROR;
				CLANG_WARN_DOCUMENTATION_COMMENTS = YES;
				CLANG_WARN_EMPTY_BODY = YES;
				CLANG_WARN_ENUM_CONVERSION = YES;
				CLANG_WARN_INFINITE_RECURSION = YES;
				CLANG_WARN_INT_CONVERSION = YES;
				CLANG_WARN_NON_LITERAL_NULL_CONVERSION = YES;
				CLANG_WARN_OBJC_IMPLICIT_RETAIN_SELF = YES;
				CLANG_WARN_OBJC_LITERAL_CONVERSION = YES;
				CLANG_WARN_OBJC_ROOT_CLASS = YES_ERROR;
				CLANG_WARN_RANGE_LOOP_ANALYSIS = YES;
				CLANG_WARN_STRICT_PROTOTYPES = YES;
				CLANG_WARN_SUSPICIOUS_MOVE = YES;
				CLANG_WARN_UNGUARDED_AVAILABILITY = YES_AGGRESSIVE;
				CLANG_WARN_UNREACHABLE_CODE = YES;
				CLANG_WARN__DUPLICATE_METHOD_MATCH = YES;
				COPY_PHASE_STRIP = NO;
				DEBUG_INFORMATION_FORMAT = "dwarf-with-dsym";
				ENABLE_NS_ASSERTIONS = NO;
				ENABLE_STRICT_OBJC_MSGSEND = YES;
				GCC_C_LANGUAGE_STANDARD = gnu11;
				GCC_NO_COMMON_BLOCKS = YES;
				GCC_WARN_64_TO_32_BIT_CONVERSION = YES;
				GCC_WARN_ABOUT_RETURN_TYPE = YES_ERROR;
				GCC_WARN_UNDECLARED_SELECTOR = YES;
				GCC_WARN_UNINITIALIZED_AUTOS = YES_AGGRESSIVE;
				GCC_WARN_UNUSED_FUNCTION = YES;
				GCC_WARN_UNUSED_VARIABLE = YES;
				IPHONEOS_DEPLOYMENT_TARGET = 13.2;
				MTL_ENABLE_DEBUG_INFO = NO;
				MTL_FAST_MATH = YES;
				SDKROOT = iphoneos;
				SWIFT_COMPILATION_MODE = wholemodule;
				SWIFT_OPTIMIZATION_LEVEL = "-O";
				VALIDATE_PRODUCT = YES;
			};
			name = Release;
		};
		184BAAAF2409123400548DFB /* Debug */ = {
			isa = XCBuildConfiguration;
			buildSettings = {
				ASSETCATALOG_COMPILER_APPICON_NAME = AppIcon;
				CODE_SIGN_STYLE = Automatic;
				INFOPLIST_FILE = DYZB/Info.plist;
				IPHONEOS_DEPLOYMENT_TARGET = 10.0;
				LD_RUNPATH_SEARCH_PATHS = (
					"$(inherited)",
					"@executable_path/Frameworks",
				);
				PRODUCT_BUNDLE_IDENTIFIER = dulifu.DYZB;
				PRODUCT_NAME = "$(TARGET_NAME)";
				SWIFT_VERSION = 5.0;
				TARGETED_DEVICE_FAMILY = "1,2";
			};
			name = Debug;
		};
		184BAAB02409123400548DFB /* Release */ = {
			isa = XCBuildConfiguration;
			buildSettings = {
				ASSETCATALOG_COMPILER_APPICON_NAME = AppIcon;
				CODE_SIGN_STYLE = Automatic;
				INFOPLIST_FILE = DYZB/Info.plist;
				IPHONEOS_DEPLOYMENT_TARGET = 10.0;
				LD_RUNPATH_SEARCH_PATHS = (
					"$(inherited)",
					"@executable_path/Frameworks",
				);
				PRODUCT_BUNDLE_IDENTIFIER = dulifu.DYZB;
				PRODUCT_NAME = "$(TARGET_NAME)";
				SWIFT_VERSION = 5.0;
				TARGETED_DEVICE_FAMILY = "1,2";
			};
			name = Release;
		};
		184BAAB22409123400548DFB /* Debug */ = {
			isa = XCBuildConfiguration;
			buildSettings = {
				ALWAYS_EMBED_SWIFT_STANDARD_LIBRARIES = YES;
				BUNDLE_LOADER = "$(TEST_HOST)";
				CODE_SIGN_STYLE = Automatic;
				INFOPLIST_FILE = DYZBTests/Info.plist;
				IPHONEOS_DEPLOYMENT_TARGET = 13.2;
				LD_RUNPATH_SEARCH_PATHS = (
					"$(inherited)",
					"@executable_path/Frameworks",
					"@loader_path/Frameworks",
				);
				PRODUCT_BUNDLE_IDENTIFIER = dulifu.DYZBTests;
				PRODUCT_NAME = "$(TARGET_NAME)";
				SWIFT_VERSION = 5.0;
				TARGETED_DEVICE_FAMILY = "1,2";
				TEST_HOST = "$(BUILT_PRODUCTS_DIR)/DYZB.app/DYZB";
			};
			name = Debug;
		};
		184BAAB32409123400548DFB /* Release */ = {
			isa = XCBuildConfiguration;
			buildSettings = {
				ALWAYS_EMBED_SWIFT_STANDARD_LIBRARIES = YES;
				BUNDLE_LOADER = "$(TEST_HOST)";
				CODE_SIGN_STYLE = Automatic;
				INFOPLIST_FILE = DYZBTests/Info.plist;
				IPHONEOS_DEPLOYMENT_TARGET = 13.2;
				LD_RUNPATH_SEARCH_PATHS = (
					"$(inherited)",
					"@executable_path/Frameworks",
					"@loader_path/Frameworks",
				);
				PRODUCT_BUNDLE_IDENTIFIER = dulifu.DYZBTests;
				PRODUCT_NAME = "$(TARGET_NAME)";
				SWIFT_VERSION = 5.0;
				TARGETED_DEVICE_FAMILY = "1,2";
				TEST_HOST = "$(BUILT_PRODUCTS_DIR)/DYZB.app/DYZB";
			};
			name = Release;
		};
		184BAAB52409123400548DFB /* Debug */ = {
			isa = XCBuildConfiguration;
			buildSettings = {
				ALWAYS_EMBED_SWIFT_STANDARD_LIBRARIES = YES;
				CODE_SIGN_STYLE = Automatic;
				INFOPLIST_FILE = DYZBUITests/Info.plist;
				LD_RUNPATH_SEARCH_PATHS = (
					"$(inherited)",
					"@executable_path/Frameworks",
					"@loader_path/Frameworks",
				);
				PRODUCT_BUNDLE_IDENTIFIER = dulifu.DYZBUITests;
				PRODUCT_NAME = "$(TARGET_NAME)";
				SWIFT_VERSION = 5.0;
				TARGETED_DEVICE_FAMILY = "1,2";
				TEST_TARGET_NAME = DYZB;
			};
			name = Debug;
		};
		184BAAB62409123400548DFB /* Release */ = {
			isa = XCBuildConfiguration;
			buildSettings = {
				ALWAYS_EMBED_SWIFT_STANDARD_LIBRARIES = YES;
				CODE_SIGN_STYLE = Automatic;
				INFOPLIST_FILE = DYZBUITests/Info.plist;
				LD_RUNPATH_SEARCH_PATHS = (
					"$(inherited)",
					"@executable_path/Frameworks",
					"@loader_path/Frameworks",
				);
				PRODUCT_BUNDLE_IDENTIFIER = dulifu.DYZBUITests;
				PRODUCT_NAME = "$(TARGET_NAME)";
				SWIFT_VERSION = 5.0;
				TARGETED_DEVICE_FAMILY = "1,2";
				TEST_TARGET_NAME = DYZB;
			};
			name = Release;
		};
/* End XCBuildConfiguration section */

/* Begin XCConfigurationList section */
		184BAA7F2409123200548DFB /* Build configuration list for PBXProject "DYZB" */ = {
			isa = XCConfigurationList;
			buildConfigurations = (
				184BAAAC2409123400548DFB /* Debug */,
				184BAAAD2409123400548DFB /* Release */,
			);
			defaultConfigurationIsVisible = 0;
			defaultConfigurationName = Release;
		};
		184BAAAE2409123400548DFB /* Build configuration list for PBXNativeTarget "DYZB" */ = {
			isa = XCConfigurationList;
			buildConfigurations = (
				184BAAAF2409123400548DFB /* Debug */,
				184BAAB02409123400548DFB /* Release */,
			);
			defaultConfigurationIsVisible = 0;
			defaultConfigurationName = Release;
		};
		184BAAB12409123400548DFB /* Build configuration list for PBXNativeTarget "DYZBTests" */ = {
			isa = XCConfigurationList;
			buildConfigurations = (
				184BAAB22409123400548DFB /* Debug */,
				184BAAB32409123400548DFB /* Release */,
			);
			defaultConfigurationIsVisible = 0;
			defaultConfigurationName = Release;
		};
		184BAAB42409123400548DFB /* Build configuration list for PBXNativeTarget "DYZBUITests" */ = {
			isa = XCConfigurationList;
			buildConfigurations = (
				184BAAB52409123400548DFB /* Debug */,
				184BAAB62409123400548DFB /* Release */,
			);
			defaultConfigurationIsVisible = 0;
			defaultConfigurationName = Release;
		};
/* End XCConfigurationList section */
	};
	rootObject = 184BAA7C2409123200548DFB /* Project object */;
}
